// !$*UTF8*$!
{
	archiveVersion = 1;
	classes = {
	};
	objectVersion = 50;
	objects = {

/* Begin PBXBuildFile section */
		F704D04925C7982600E82AB5 /* ProductCollcetionView.swift in Sources */ = {isa = PBXBuildFile; fileRef = F704D04825C7982600E82AB5 /* ProductCollcetionView.swift */; };
		F704D04C25C7EADF00E82AB5 /* SectionHeader.swift in Sources */ = {isa = PBXBuildFile; fileRef = F704D04B25C7EADF00E82AB5 /* SectionHeader.swift */; };
		F704D05125C7ECF900E82AB5 /* ProductCell.swift in Sources */ = {isa = PBXBuildFile; fileRef = F704D05025C7ECF900E82AB5 /* ProductCell.swift */; };
		F704D05425C7EDD400E82AB5 /* Product.swift in Sources */ = {isa = PBXBuildFile; fileRef = F704D05325C7EDD400E82AB5 /* Product.swift */; };
		F704D05E25C7F32700E82AB5 /* StoreAppTests.swift in Sources */ = {isa = PBXBuildFile; fileRef = F704D05D25C7F32700E82AB5 /* StoreAppTests.swift */; };
		F704D06F25C7FCB500E82AB5 /* NetworkHandler.swift in Sources */ = {isa = PBXBuildFile; fileRef = F704D06E25C7FCB500E82AB5 /* NetworkHandler.swift */; };
		F704D07725C7FFE300E82AB5 /* ProductJSON.swift in Sources */ = {isa = PBXBuildFile; fileRef = F704D07625C7FFE300E82AB5 /* ProductJSON.swift */; };
		F704D07B25C8023A00E82AB5 /* JsonDecoder.swift in Sources */ = {isa = PBXBuildFile; fileRef = F704D07A25C8023A00E82AB5 /* JsonDecoder.swift */; };
		F71FD48A25C7905500E826A5 /* AppDelegate.swift in Sources */ = {isa = PBXBuildFile; fileRef = F71FD48925C7905500E826A5 /* AppDelegate.swift */; };
		F71FD48C25C7905500E826A5 /* SceneDelegate.swift in Sources */ = {isa = PBXBuildFile; fileRef = F71FD48B25C7905500E826A5 /* SceneDelegate.swift */; };
		F71FD48E25C7905500E826A5 /* MainViewController.swift in Sources */ = {isa = PBXBuildFile; fileRef = F71FD48D25C7905500E826A5 /* MainViewController.swift */; };
		F71FD49125C7905500E826A5 /* Main.storyboard in Resources */ = {isa = PBXBuildFile; fileRef = F71FD48F25C7905500E826A5 /* Main.storyboard */; };
		F71FD49325C7905600E826A5 /* Assets.xcassets in Resources */ = {isa = PBXBuildFile; fileRef = F71FD49225C7905600E826A5 /* Assets.xcassets */; };
		F71FD49625C7905600E826A5 /* LaunchScreen.storyboard in Resources */ = {isa = PBXBuildFile; fileRef = F71FD49425C7905600E826A5 /* LaunchScreen.storyboard */; };
/* End PBXBuildFile section */

/* Begin PBXContainerItemProxy section */
		F704D06025C7F32700E82AB5 /* PBXContainerItemProxy */ = {
			isa = PBXContainerItemProxy;
			containerPortal = F71FD47E25C7905500E826A5 /* Project object */;
			proxyType = 1;
			remoteGlobalIDString = F71FD48525C7905500E826A5;
			remoteInfo = StoreApp;
		};
/* End PBXContainerItemProxy section */

/* Begin PBXFileReference section */
		F704D04825C7982600E82AB5 /* ProductCollcetionView.swift */ = {isa = PBXFileReference; lastKnownFileType = sourcecode.swift; path = ProductCollcetionView.swift; sourceTree = "<group>"; };
		F704D04B25C7EADF00E82AB5 /* SectionHeader.swift */ = {isa = PBXFileReference; lastKnownFileType = sourcecode.swift; path = SectionHeader.swift; sourceTree = "<group>"; };
		F704D05025C7ECF900E82AB5 /* ProductCell.swift */ = {isa = PBXFileReference; lastKnownFileType = sourcecode.swift; path = ProductCell.swift; sourceTree = "<group>"; };
		F704D05325C7EDD400E82AB5 /* Product.swift */ = {isa = PBXFileReference; lastKnownFileType = sourcecode.swift; path = Product.swift; sourceTree = "<group>"; };
		F704D05B25C7F32700E82AB5 /* StoreAppTests.xctest */ = {isa = PBXFileReference; explicitFileType = wrapper.cfbundle; includeInIndex = 0; path = StoreAppTests.xctest; sourceTree = BUILT_PRODUCTS_DIR; };
		F704D05D25C7F32700E82AB5 /* StoreAppTests.swift */ = {isa = PBXFileReference; lastKnownFileType = sourcecode.swift; path = StoreAppTests.swift; sourceTree = "<group>"; };
		F704D05F25C7F32700E82AB5 /* Info.plist */ = {isa = PBXFileReference; lastKnownFileType = text.plist.xml; path = Info.plist; sourceTree = "<group>"; };
		F704D06E25C7FCB500E82AB5 /* NetworkHandler.swift */ = {isa = PBXFileReference; lastKnownFileType = sourcecode.swift; path = NetworkHandler.swift; sourceTree = "<group>"; };
		F704D07625C7FFE300E82AB5 /* ProductJSON.swift */ = {isa = PBXFileReference; lastKnownFileType = sourcecode.swift; path = ProductJSON.swift; sourceTree = "<group>"; };
		F704D07A25C8023A00E82AB5 /* JsonDecoder.swift */ = {isa = PBXFileReference; lastKnownFileType = sourcecode.swift; path = JsonDecoder.swift; sourceTree = "<group>"; };
		F71FD48625C7905500E826A5 /* StoreApp.app */ = {isa = PBXFileReference; explicitFileType = wrapper.application; includeInIndex = 0; path = StoreApp.app; sourceTree = BUILT_PRODUCTS_DIR; };
		F71FD48925C7905500E826A5 /* AppDelegate.swift */ = {isa = PBXFileReference; lastKnownFileType = sourcecode.swift; path = AppDelegate.swift; sourceTree = "<group>"; };
		F71FD48B25C7905500E826A5 /* SceneDelegate.swift */ = {isa = PBXFileReference; lastKnownFileType = sourcecode.swift; path = SceneDelegate.swift; sourceTree = "<group>"; };
		F71FD48D25C7905500E826A5 /* MainViewController.swift */ = {isa = PBXFileReference; lastKnownFileType = sourcecode.swift; path = MainViewController.swift; sourceTree = "<group>"; };
		F71FD49025C7905500E826A5 /* Base */ = {isa = PBXFileReference; lastKnownFileType = file.storyboard; name = Base; path = Base.lproj/Main.storyboard; sourceTree = "<group>"; };
		F71FD49225C7905600E826A5 /* Assets.xcassets */ = {isa = PBXFileReference; lastKnownFileType = folder.assetcatalog; path = Assets.xcassets; sourceTree = "<group>"; };
		F71FD49525C7905600E826A5 /* Base */ = {isa = PBXFileReference; lastKnownFileType = file.storyboard; name = Base; path = Base.lproj/LaunchScreen.storyboard; sourceTree = "<group>"; };
		F71FD49725C7905600E826A5 /* Info.plist */ = {isa = PBXFileReference; lastKnownFileType = text.plist.xml; path = Info.plist; sourceTree = "<group>"; };
/* End PBXFileReference section */

/* Begin PBXFrameworksBuildPhase section */
		F704D05825C7F32700E82AB5 /* Frameworks */ = {
			isa = PBXFrameworksBuildPhase;
			buildActionMask = 2147483647;
			files = (
			);
			runOnlyForDeploymentPostprocessing = 0;
		};
		F71FD48325C7905500E826A5 /* Frameworks */ = {
			isa = PBXFrameworksBuildPhase;
			buildActionMask = 2147483647;
			files = (
			);
			runOnlyForDeploymentPostprocessing = 0;
		};
/* End PBXFrameworksBuildPhase section */

/* Begin PBXGroup section */
		F704D04325C7953800E82AB5 /* Model */ = {
			isa = PBXGroup;
			children = (
				F704D05325C7EDD400E82AB5 /* Product.swift */,
				F704D06E25C7FCB500E82AB5 /* NetworkHandler.swift */,
				F704D07625C7FFE300E82AB5 /* ProductJSON.swift */,
				F704D07A25C8023A00E82AB5 /* JsonDecoder.swift */,
			);
			path = Model;
			sourceTree = "<group>";
		};
		F704D04525C7954A00E82AB5 /* View */ = {
			isa = PBXGroup;
			children = (
				F704D04825C7982600E82AB5 /* ProductCollcetionView.swift */,
				F704D04B25C7EADF00E82AB5 /* SectionHeader.swift */,
				F704D05025C7ECF900E82AB5 /* ProductCell.swift */,
			);
			path = View;
			sourceTree = "<group>";
		};
		F704D04625C7954F00E82AB5 /* Controller */ = {
			isa = PBXGroup;
			children = (
				F71FD48D25C7905500E826A5 /* MainViewController.swift */,
			);
			path = Controller;
			sourceTree = "<group>";
		};
		F704D05C25C7F32700E82AB5 /* StoreAppTests */ = {
			isa = PBXGroup;
			children = (
				F704D05D25C7F32700E82AB5 /* StoreAppTests.swift */,
				F704D05F25C7F32700E82AB5 /* Info.plist */,
			);
			path = StoreAppTests;
			sourceTree = "<group>";
		};
		F71FD47D25C7905500E826A5 = {
			isa = PBXGroup;
			children = (
				F71FD48825C7905500E826A5 /* StoreApp */,
				F704D05C25C7F32700E82AB5 /* StoreAppTests */,
				F71FD48725C7905500E826A5 /* Products */,
			);
			sourceTree = "<group>";
		};
		F71FD48725C7905500E826A5 /* Products */ = {
			isa = PBXGroup;
			children = (
				F71FD48625C7905500E826A5 /* StoreApp.app */,
				F704D05B25C7F32700E82AB5 /* StoreAppTests.xctest */,
			);
			name = Products;
			sourceTree = "<group>";
		};
		F71FD48825C7905500E826A5 /* StoreApp */ = {
			isa = PBXGroup;
			children = (
				F704D04625C7954F00E82AB5 /* Controller */,
				F704D04525C7954A00E82AB5 /* View */,
				F704D04325C7953800E82AB5 /* Model */,
				F71FD48925C7905500E826A5 /* AppDelegate.swift */,
				F71FD48B25C7905500E826A5 /* SceneDelegate.swift */,
				F71FD48F25C7905500E826A5 /* Main.storyboard */,
				F71FD49225C7905600E826A5 /* Assets.xcassets */,
				F71FD49425C7905600E826A5 /* LaunchScreen.storyboard */,
				F71FD49725C7905600E826A5 /* Info.plist */,
			);
			path = StoreApp;
			sourceTree = "<group>";
		};
/* End PBXGroup section */

/* Begin PBXNativeTarget section */
		F704D05A25C7F32700E82AB5 /* StoreAppTests */ = {
			isa = PBXNativeTarget;
			buildConfigurationList = F704D06225C7F32700E82AB5 /* Build configuration list for PBXNativeTarget "StoreAppTests" */;
			buildPhases = (
				F704D05725C7F32700E82AB5 /* Sources */,
				F704D05825C7F32700E82AB5 /* Frameworks */,
				F704D05925C7F32700E82AB5 /* Resources */,
			);
			buildRules = (
			);
			dependencies = (
				F704D06125C7F32700E82AB5 /* PBXTargetDependency */,
			);
			name = StoreAppTests;
			productName = StoreAppTests;
			productReference = F704D05B25C7F32700E82AB5 /* StoreAppTests.xctest */;
			productType = "com.apple.product-type.bundle.unit-test";
		};
		F71FD48525C7905500E826A5 /* StoreApp */ = {
			isa = PBXNativeTarget;
			buildConfigurationList = F71FD49A25C7905600E826A5 /* Build configuration list for PBXNativeTarget "StoreApp" */;
			buildPhases = (
				F71FD48225C7905500E826A5 /* Sources */,
				F71FD48325C7905500E826A5 /* Frameworks */,
				F71FD48425C7905500E826A5 /* Resources */,
			);
			buildRules = (
			);
			dependencies = (
			);
			name = StoreApp;
			productName = StoreApp;
			productReference = F71FD48625C7905500E826A5 /* StoreApp.app */;
			productType = "com.apple.product-type.application";
		};
/* End PBXNativeTarget section */

/* Begin PBXProject section */
		F71FD47E25C7905500E826A5 /* Project object */ = {
			isa = PBXProject;
			attributes = {
				LastSwiftUpdateCheck = 1240;
				LastUpgradeCheck = 1240;
				TargetAttributes = {
					F704D05A25C7F32700E82AB5 = {
						CreatedOnToolsVersion = 12.4;
						TestTargetID = F71FD48525C7905500E826A5;
					};
					F71FD48525C7905500E826A5 = {
						CreatedOnToolsVersion = 12.4;
					};
				};
			};
			buildConfigurationList = F71FD48125C7905500E826A5 /* Build configuration list for PBXProject "StoreApp" */;
			compatibilityVersion = "Xcode 9.3";
			developmentRegion = en;
			hasScannedForEncodings = 0;
			knownRegions = (
				en,
				Base,
			);
			mainGroup = F71FD47D25C7905500E826A5;
			productRefGroup = F71FD48725C7905500E826A5 /* Products */;
			projectDirPath = "";
			projectRoot = "";
			targets = (
				F71FD48525C7905500E826A5 /* StoreApp */,
				F704D05A25C7F32700E82AB5 /* StoreAppTests */,
			);
		};
/* End PBXProject section */

/* Begin PBXResourcesBuildPhase section */
		F704D05925C7F32700E82AB5 /* Resources */ = {
			isa = PBXResourcesBuildPhase;
			buildActionMask = 2147483647;
			files = (
			);
			runOnlyForDeploymentPostprocessing = 0;
		};
		F71FD48425C7905500E826A5 /* Resources */ = {
			isa = PBXResourcesBuildPhase;
			buildActionMask = 2147483647;
			files = (
				F71FD49625C7905600E826A5 /* LaunchScreen.storyboard in Resources */,
				F71FD49325C7905600E826A5 /* Assets.xcassets in Resources */,
				F71FD49125C7905500E826A5 /* Main.storyboard in Resources */,
			);
			runOnlyForDeploymentPostprocessing = 0;
		};
/* End PBXResourcesBuildPhase section */

/* Begin PBXSourcesBuildPhase section */
		F704D05725C7F32700E82AB5 /* Sources */ = {
			isa = PBXSourcesBuildPhase;
			buildActionMask = 2147483647;
			files = (
				F704D05E25C7F32700E82AB5 /* StoreAppTests.swift in Sources */,
			);
			runOnlyForDeploymentPostprocessing = 0;
		};
		F71FD48225C7905500E826A5 /* Sources */ = {
			isa = PBXSourcesBuildPhase;
			buildActionMask = 2147483647;
			files = (
				F704D07725C7FFE300E82AB5 /* ProductJSON.swift in Sources */,
				F71FD48E25C7905500E826A5 /* MainViewController.swift in Sources */,
				F71FD48A25C7905500E826A5 /* AppDelegate.swift in Sources */,
				F704D04925C7982600E82AB5 /* ProductCollcetionView.swift in Sources */,
				F704D05125C7ECF900E82AB5 /* ProductCell.swift in Sources */,
				F704D04C25C7EADF00E82AB5 /* SectionHeader.swift in Sources */,
				F704D07B25C8023A00E82AB5 /* JsonDecoder.swift in Sources */,
				F71FD48C25C7905500E826A5 /* SceneDelegate.swift in Sources */,
				F704D05425C7EDD400E82AB5 /* Product.swift in Sources */,
				F704D06F25C7FCB500E82AB5 /* NetworkHandler.swift in Sources */,
			);
			runOnlyForDeploymentPostprocessing = 0;
		};
/* End PBXSourcesBuildPhase section */

/* Begin PBXTargetDependency section */
		F704D06125C7F32700E82AB5 /* PBXTargetDependency */ = {
			isa = PBXTargetDependency;
			target = F71FD48525C7905500E826A5 /* StoreApp */;
			targetProxy = F704D06025C7F32700E82AB5 /* PBXContainerItemProxy */;
		};
/* End PBXTargetDependency section */

/* Begin PBXVariantGroup section */
		F71FD48F25C7905500E826A5 /* Main.storyboard */ = {
			isa = PBXVariantGroup;
			children = (
				F71FD49025C7905500E826A5 /* Base */,
			);
			name = Main.storyboard;
			sourceTree = "<group>";
		};
		F71FD49425C7905600E826A5 /* LaunchScreen.storyboard */ = {
			isa = PBXVariantGroup;
			children = (
				F71FD49525C7905600E826A5 /* Base */,
			);
			name = LaunchScreen.storyboard;
			sourceTree = "<group>";
		};
/* End PBXVariantGroup section */

/* Begin XCBuildConfiguration section */
		F704D06325C7F32700E82AB5 /* Debug */ = {
			isa = XCBuildConfiguration;
			buildSettings = {
				BUNDLE_LOADER = "$(TEST_HOST)";
				CODE_SIGN_STYLE = Automatic;
				INFOPLIST_FILE = StoreAppTests/Info.plist;
				LD_RUNPATH_SEARCH_PATHS = (
					"$(inherited)",
					"@executable_path/Frameworks",
					"@loader_path/Frameworks",
				);
				PRODUCT_BUNDLE_IDENTIFIER = com.kakaocorp.StoreAppTests;
				PRODUCT_NAME = "$(TARGET_NAME)";
				SWIFT_VERSION = 5.0;
				TARGETED_DEVICE_FAMILY = "1,2";
				TEST_HOST = "$(BUILT_PRODUCTS_DIR)/StoreApp.app/StoreApp";
			};
			name = Debug;
		};
		F704D06425C7F32700E82AB5 /* Release */ = {
			isa = XCBuildConfiguration;
			buildSettings = {
				BUNDLE_LOADER = "$(TEST_HOST)";
				CODE_SIGN_STYLE = Automatic;
				INFOPLIST_FILE = StoreAppTests/Info.plist;
				LD_RUNPATH_SEARCH_PATHS = (
					"$(inherited)",
					"@executable_path/Frameworks",
					"@loader_path/Frameworks",
				);
				PRODUCT_BUNDLE_IDENTIFIER = com.kakaocorp.StoreAppTests;
				PRODUCT_NAME = "$(TARGET_NAME)";
				SWIFT_VERSION = 5.0;
				TARGETED_DEVICE_FAMILY = "1,2";
				TEST_HOST = "$(BUILT_PRODUCTS_DIR)/StoreApp.app/StoreApp";
			};
			name = Release;
		};
		F71FD49825C7905600E826A5 /* Debug */ = {
			isa = XCBuildConfiguration;
			buildSettings = {
				ALWAYS_SEARCH_USER_PATHS = NO;
				CLANG_ANALYZER_NONNULL = YES;
				CLANG_ANALYZER_NUMBER_OBJECT_CONVERSION = YES_AGGRESSIVE;
				CLANG_CXX_LANGUAGE_STANDARD = "gnu++14";
				CLANG_CXX_LIBRARY = "libc++";
				CLANG_ENABLE_MODULES = YES;
				CLANG_ENABLE_OBJC_ARC = YES;
				CLANG_ENABLE_OBJC_WEAK = YES;
				CLANG_WARN_BLOCK_CAPTURE_AUTORELEASING = YES;
				CLANG_WARN_BOOL_CONVERSION = YES;
				CLANG_WARN_COMMA = YES;
				CLANG_WARN_CONSTANT_CONVERSION = YES;
				CLANG_WARN_DEPRECATED_OBJC_IMPLEMENTATIONS = YES;
				CLANG_WARN_DIRECT_OBJC_ISA_USAGE = YES_ERROR;
				CLANG_WARN_DOCUMENTATION_COMMENTS = YES;
				CLANG_WARN_EMPTY_BODY = YES;
				CLANG_WARN_ENUM_CONVERSION = YES;
				CLANG_WARN_INFINITE_RECURSION = YES;
				CLANG_WARN_INT_CONVERSION = YES;
				CLANG_WARN_NON_LITERAL_NULL_CONVERSION = YES;
				CLANG_WARN_OBJC_IMPLICIT_RETAIN_SELF = YES;
				CLANG_WARN_OBJC_LITERAL_CONVERSION = YES;
				CLANG_WARN_OBJC_ROOT_CLASS = YES_ERROR;
				CLANG_WARN_QUOTED_INCLUDE_IN_FRAMEWORK_HEADER = YES;
				CLANG_WARN_RANGE_LOOP_ANALYSIS = YES;
				CLANG_WARN_STRICT_PROTOTYPES = YES;
				CLANG_WARN_SUSPICIOUS_MOVE = YES;
				CLANG_WARN_UNGUARDED_AVAILABILITY = YES_AGGRESSIVE;
				CLANG_WARN_UNREACHABLE_CODE = YES;
				CLANG_WARN__DUPLICATE_METHOD_MATCH = YES;
				COPY_PHASE_STRIP = NO;
				DEBUG_INFORMATION_FORMAT = dwarf;
				ENABLE_STRICT_OBJC_MSGSEND = YES;
				ENABLE_TESTABILITY = YES;
				GCC_C_LANGUAGE_STANDARD = gnu11;
				GCC_DYNAMIC_NO_PIC = NO;
				GCC_NO_COMMON_BLOCKS = YES;
				GCC_OPTIMIZATION_LEVEL = 0;
				GCC_PREPROCESSOR_DEFINITIONS = (
					"DEBUG=1",
					"$(inherited)",
				);
				GCC_WARN_64_TO_32_BIT_CONVERSION = YES;
				GCC_WARN_ABOUT_RETURN_TYPE = YES_ERROR;
				GCC_WARN_UNDECLARED_SELECTOR = YES;
				GCC_WARN_UNINITIALIZED_AUTOS = YES_AGGRESSIVE;
				GCC_WARN_UNUSED_FUNCTION = YES;
				GCC_WARN_UNUSED_VARIABLE = YES;
				IPHONEOS_DEPLOYMENT_TARGET = 14.4;
				MTL_ENABLE_DEBUG_INFO = INCLUDE_SOURCE;
				MTL_FAST_MATH = YES;
				ONLY_ACTIVE_ARCH = YES;
				SDKROOT = iphoneos;
				SWIFT_ACTIVE_COMPILATION_CONDITIONS = DEBUG;
				SWIFT_OPTIMIZATION_LEVEL = "-Onone";
			};
			name = Debug;
		};
		F71FD49925C7905600E826A5 /* Release */ = {
			isa = XCBuildConfiguration;
			buildSettings = {
				ALWAYS_SEARCH_USER_PATHS = NO;
				CLANG_ANALYZER_NONNULL = YES;
				CLANG_ANALYZER_NUMBER_OBJECT_CONVERSION = YES_AGGRESSIVE;
				CLANG_CXX_LANGUAGE_STANDARD = "gnu++14";
				CLANG_CXX_LIBRARY = "libc++";
				CLANG_ENABLE_MODULES = YES;
				CLANG_ENABLE_OBJC_ARC = YES;
				CLANG_ENABLE_OBJC_WEAK = YES;
				CLANG_WARN_BLOCK_CAPTURE_AUTORELEASING = YES;
				CLANG_WARN_BOOL_CONVERSION = YES;
				CLANG_WARN_COMMA = YES;
				CLANG_WARN_CONSTANT_CONVERSION = YES;
				CLANG_WARN_DEPRECATED_OBJC_IMPLEMENTATIONS = YES;
				CLANG_WARN_DIRECT_OBJC_ISA_USAGE = YES_ERROR;
				CLANG_WARN_DOCUMENTATION_COMMENTS = YES;
				CLANG_WARN_EMPTY_BODY = YES;
				CLANG_WARN_ENUM_CONVERSION = YES;
				CLANG_WARN_INFINITE_RECURSION = YES;
				CLANG_WARN_INT_CONVERSION = YES;
				CLANG_WARN_NON_LITERAL_NULL_CONVERSION = YES;
				CLANG_WARN_OBJC_IMPLICIT_RETAIN_SELF = YES;
				CLANG_WARN_OBJC_LITERAL_CONVERSION = YES;
				CLANG_WARN_OBJC_ROOT_CLASS = YES_ERROR;
				CLANG_WARN_QUOTED_INCLUDE_IN_FRAMEWORK_HEADER = YES;
				CLANG_WARN_RANGE_LOOP_ANALYSIS = YES;
				CLANG_WARN_STRICT_PROTOTYPES = YES;
				CLANG_WARN_SUSPICIOUS_MOVE = YES;
				CLANG_WARN_UNGUARDED_AVAILABILITY = YES_AGGRESSIVE;
				CLANG_WARN_UNREACHABLE_CODE = YES;
				CLANG_WARN__DUPLICATE_METHOD_MATCH = YES;
				COPY_PHASE_STRIP = NO;
				DEBUG_INFORMATION_FORMAT = "dwarf-with-dsym";
				ENABLE_NS_ASSERTIONS = NO;
				ENABLE_STRICT_OBJC_MSGSEND = YES;
				GCC_C_LANGUAGE_STANDARD = gnu11;
				GCC_NO_COMMON_BLOCKS = YES;
				GCC_WARN_64_TO_32_BIT_CONVERSION = YES;
				GCC_WARN_ABOUT_RETURN_TYPE = YES_ERROR;
				GCC_WARN_UNDECLARED_SELECTOR = YES;
				GCC_WARN_UNINITIALIZED_AUTOS = YES_AGGRESSIVE;
				GCC_WARN_UNUSED_FUNCTION = YES;
				GCC_WARN_UNUSED_VARIABLE = YES;
				IPHONEOS_DEPLOYMENT_TARGET = 14.4;
				MTL_ENABLE_DEBUG_INFO = NO;
				MTL_FAST_MATH = YES;
				SDKROOT = iphoneos;
				SWIFT_COMPILATION_MODE = wholemodule;
				SWIFT_OPTIMIZATION_LEVEL = "-O";
				VALIDATE_PRODUCT = YES;
			};
			name = Release;
		};
		F71FD49B25C7905600E826A5 /* Debug */ = {
			isa = XCBuildConfiguration;
			buildSettings = {
				ASSETCATALOG_COMPILER_APPICON_NAME = AppIcon;
				ASSETCATALOG_COMPILER_GLOBAL_ACCENT_COLOR_NAME = AccentColor;
				CODE_SIGN_STYLE = Automatic;
				INFOPLIST_FILE = StoreApp/Info.plist;
				LD_RUNPATH_SEARCH_PATHS = (
					"$(inherited)",
					"@executable_path/Frameworks",
				);
				PRODUCT_BUNDLE_IDENTIFIER = com.kakaocorp.StoreApp;
				PRODUCT_NAME = "$(TARGET_NAME)";
				SWIFT_VERSION = 5.0;
				TARGETED_DEVICE_FAMILY = "1,2";
			};
			name = Debug;
		};
		F71FD49C25C7905600E826A5 /* Release */ = {
			isa = XCBuildConfiguration;
			buildSettings = {
				ASSETCATALOG_COMPILER_APPICON_NAME = AppIcon;
				ASSETCATALOG_COMPILER_GLOBAL_ACCENT_COLOR_NAME = AccentColor;
				CODE_SIGN_STYLE = Automatic;
				INFOPLIST_FILE = StoreApp/Info.plist;
				LD_RUNPATH_SEARCH_PATHS = (
					"$(inherited)",
					"@executable_path/Frameworks",
				);
				PRODUCT_BUNDLE_IDENTIFIER = com.kakaocorp.StoreApp;
				PRODUCT_NAME = "$(TARGET_NAME)";
				SWIFT_VERSION = 5.0;
				TARGETED_DEVICE_FAMILY = "1,2";
			};
			name = Release;
		};
/* End XCBuildConfiguration section */

/* Begin XCConfigurationList section */
		F704D06225C7F32700E82AB5 /* Build configuration list for PBXNativeTarget "StoreAppTests" */ = {
			isa = XCConfigurationList;
			buildConfigurations = (
				F704D06325C7F32700E82AB5 /* Debug */,
				F704D06425C7F32700E82AB5 /* Release */,
			);
			defaultConfigurationIsVisible = 0;
			defaultConfigurationName = Release;
		};
		F71FD48125C7905500E826A5 /* Build configuration list for PBXProject "StoreApp" */ = {
			isa = XCConfigurationList;
			buildConfigurations = (
				F71FD49825C7905600E826A5 /* Debug */,
				F71FD49925C7905600E826A5 /* Release */,
			);
			defaultConfigurationIsVisible = 0;
			defaultConfigurationName = Release;
		};
		F71FD49A25C7905600E826A5 /* Build configuration list for PBXNativeTarget "StoreApp" */ = {
			isa = XCConfigurationList;
			buildConfigurations = (
				F71FD49B25C7905600E826A5 /* Debug */,
				F71FD49C25C7905600E826A5 /* Release */,
			);
			defaultConfigurationIsVisible = 0;
			defaultConfigurationName = Release;
		};
/* End XCConfigurationList section */
	};
	rootObject = F71FD47E25C7905500E826A5 /* Project object */;
}
